// !$*UTF8*$!
{
	archiveVersion = 1;
	classes = {
	};
	objectVersion = 46;
	objects = {

/* Begin PBXBuildFile section */
		D4F375FF1DA6205600DDA33B /* main.m in Sources */ = {isa = PBXBuildFile; fileRef = D4F375FE1DA6205600DDA33B /* main.m */; };
		D4F376021DA6205600DDA33B /* AppDelegate.m in Sources */ = {isa = PBXBuildFile; fileRef = D4F376011DA6205600DDA33B /* AppDelegate.m */; };
		D4F376051DA6205600DDA33B /* ViewController.m in Sources */ = {isa = PBXBuildFile; fileRef = D4F376041DA6205600DDA33B /* ViewController.m */; };
		D4F376081DA6205600DDA33B /* Main.storyboard in Resources */ = {isa = PBXBuildFile; fileRef = D4F376061DA6205600DDA33B /* Main.storyboard */; };
		D4F3760A1DA6205600DDA33B /* Assets.xcassets in Resources */ = {isa = PBXBuildFile; fileRef = D4F376091DA6205600DDA33B /* Assets.xcassets */; };
		D4F3760D1DA6205600DDA33B /* LaunchScreen.storyboard in Resources */ = {isa = PBXBuildFile; fileRef = D4F3760B1DA6205600DDA33B /* LaunchScreen.storyboard */; };
		D4F376161DA631B400DDA33B /* DDUtils.m in Sources */ = {isa = PBXBuildFile; fileRef = D4F376151DA631B400DDA33B /* DDUtils.m */; };
/* End PBXBuildFile section */

/* Begin PBXFileReference section */
		D4F375FA1DA6205600DDA33B /* Logger.app */ = {isa = PBXFileReference; explicitFileType = wrapper.application; includeInIndex = 0; path = Logger.app; sourceTree = BUILT_PRODUCTS_DIR; };
		D4F375FE1DA6205600DDA33B /* main.m */ = {isa = PBXFileReference; lastKnownFileType = sourcecode.c.objc; path = main.m; sourceTree = "<group>"; };
		D4F376001DA6205600DDA33B /* AppDelegate.h */ = {isa = PBXFileReference; lastKnownFileType = sourcecode.c.h; path = AppDelegate.h; sourceTree = "<group>"; };
		D4F376011DA6205600DDA33B /* AppDelegate.m */ = {isa = PBXFileReference; lastKnownFileType = sourcecode.c.objc; path = AppDelegate.m; sourceTree = "<group>"; };
		D4F376031DA6205600DDA33B /* ViewController.h */ = {isa = PBXFileReference; lastKnownFileType = sourcecode.c.h; path = ViewController.h; sourceTree = "<group>"; };
		D4F376041DA6205600DDA33B /* ViewController.m */ = {isa = PBXFileReference; lastKnownFileType = sourcecode.c.objc; path = ViewController.m; sourceTree = "<group>"; };
		D4F376071DA6205600DDA33B /* Base */ = {isa = PBXFileReference; lastKnownFileType = file.storyboard; name = Base; path = Base.lproj/Main.storyboard; sourceTree = "<group>"; };
		D4F376091DA6205600DDA33B /* Assets.xcassets */ = {isa = PBXFileReference; lastKnownFileType = folder.assetcatalog; path = Assets.xcassets; sourceTree = "<group>"; };
		D4F3760C1DA6205600DDA33B /* Base */ = {isa = PBXFileReference; lastKnownFileType = file.storyboard; name = Base; path = Base.lproj/LaunchScreen.storyboard; sourceTree = "<group>"; };
		D4F3760E1DA6205600DDA33B /* Info.plist */ = {isa = PBXFileReference; lastKnownFileType = text.plist.xml; path = Info.plist; sourceTree = "<group>"; };
		D4F376141DA631B400DDA33B /* DDUtils.h */ = {isa = PBXFileReference; fileEncoding = 4; lastKnownFileType = sourcecode.c.h; path = DDUtils.h; sourceTree = "<group>"; };
		D4F376151DA631B400DDA33B /* DDUtils.m */ = {isa = PBXFileReference; fileEncoding = 4; lastKnownFileType = sourcecode.c.objc; path = DDUtils.m; sourceTree = "<group>"; };
/* End PBXFileReference section */

/* Begin PBXFrameworksBuildPhase section */
		D4F375F71DA6205600DDA33B /* Frameworks */ = {
			isa = PBXFrameworksBuildPhase;
			buildActionMask = 2147483647;
			files = (
			);
			runOnlyForDeploymentPostprocessing = 0;
		};
/* End PBXFrameworksBuildPhase section */

/* Begin PBXGroup section */
		D4F375F11DA6205600DDA33B = {
			isa = PBXGroup;
			children = (
				D4F375FC1DA6205600DDA33B /* Logger */,
				D4F375FB1DA6205600DDA33B /* Products */,
			);
			sourceTree = "<group>";
		};
		D4F375FB1DA6205600DDA33B /* Products */ = {
			isa = PBXGroup;
			children = (
				D4F375FA1DA6205600DDA33B /* Logger.app */,
			);
			name = Products;
			sourceTree = "<group>";
		};
		D4F375FC1DA6205600DDA33B /* Logger */ = {
			isa = PBXGroup;
			children = (
				D4F376001DA6205600DDA33B /* AppDelegate.h */,
				D4F376011DA6205600DDA33B /* AppDelegate.m */,
				D4F376031DA6205600DDA33B /* ViewController.h */,
				D4F376041DA6205600DDA33B /* ViewController.m */,
				D4F376061DA6205600DDA33B /* Main.storyboard */,
				D4F376091DA6205600DDA33B /* Assets.xcassets */,
				D4F3760B1DA6205600DDA33B /* LaunchScreen.storyboard */,
				D4F3760E1DA6205600DDA33B /* Info.plist */,
				D4F375FD1DA6205600DDA33B /* Supporting Files */,
				D4F376141DA631B400DDA33B /* DDUtils.h */,
				D4F376151DA631B400DDA33B /* DDUtils.m */,
			);
			path = Logger;
			sourceTree = "<group>";
		};
		D4F375FD1DA6205600DDA33B /* Supporting Files */ = {
			isa = PBXGroup;
			children = (
				D4F375FE1DA6205600DDA33B /* main.m */,
			);
			name = "Supporting Files";
			sourceTree = "<group>";
		};
/* End PBXGroup section */

/* Begin PBXNativeTarget section */
		D4F375F91DA6205600DDA33B /* Logger */ = {
			isa = PBXNativeTarget;
			buildConfigurationList = D4F376111DA6205600DDA33B /* Build configuration list for PBXNativeTarget "Logger" */;
			buildPhases = (
				D4F375F61DA6205600DDA33B /* Sources */,
				D4F375F71DA6205600DDA33B /* Frameworks */,
				D4F375F81DA6205600DDA33B /* Resources */,
			);
			buildRules = (
			);
			dependencies = (
			);
			name = Logger;
			productName = Logger;
			productReference = D4F375FA1DA6205600DDA33B /* Logger.app */;
			productType = "com.apple.product-type.application";
		};
/* End PBXNativeTarget section */

/* Begin PBXProject section */
		D4F375F21DA6205600DDA33B /* Project object */ = {
			isa = PBXProject;
			attributes = {
				LastUpgradeCheck = 0730;
				ORGANIZATIONNAME = dadong;
				TargetAttributes = {
					D4F375F91DA6205600DDA33B = {
						CreatedOnToolsVersion = 7.3.1;
					};
				};
			};
			buildConfigurationList = D4F375F51DA6205600DDA33B /* Build configuration list for PBXProject "Logger" */;
			compatibilityVersion = "Xcode 3.2";
			developmentRegion = English;
			hasScannedForEncodings = 0;
			knownRegions = (
				en,
				Base,
			);
			mainGroup = D4F375F11DA6205600DDA33B;
			productRefGroup = D4F375FB1DA6205600DDA33B /* Products */;
			projectDirPath = "";
			projectRoot = "";
			targets = (
				D4F375F91DA6205600DDA33B /* Logger */,
			);
		};
/* End PBXProject section */

/* Begin PBXResourcesBuildPhase section */
		D4F375F81DA6205600DDA33B /* Resources */ = {
			isa = PBXResourcesBuildPhase;
			buildActionMask = 2147483647;
			files = (
				D4F3760D1DA6205600DDA33B /* LaunchScreen.storyboard in Resources */,
				D4F3760A1DA6205600DDA33B /* Assets.xcassets in Resources */,
				D4F376081DA6205600DDA33B /* Main.storyboard in Resources */,
			);
			runOnlyForDeploymentPostprocessing = 0;
		};
/* End PBXResourcesBuildPhase section */

/* Begin PBXSourcesBuildPhase section */
		D4F375F61DA6205600DDA33B /* Sources */ = {
			isa = PBXSourcesBuildPhase;
			buildActionMask = 2147483647;
			files = (
				D4F376051DA6205600DDA33B /* ViewController.m in Sources */,
				D4F376161DA631B400DDA33B /* DDUtils.m in Sources */,
				D4F376021DA6205600DDA33B /* AppDelegate.m in Sources */,
				D4F375FF1DA6205600DDA33B /* main.m in Sources */,
			);
			runOnlyForDeploymentPostprocessing = 0;
		};
/* End PBXSourcesBuildPhase section */

/* Begin PBXVariantGroup section */
		D4F376061DA6205600DDA33B /* Main.storyboard */ = {
			isa = PBXVariantGroup;
			children = (
				D4F376071DA6205600DDA33B /* Base */,
			);
			name = Main.storyboard;
			sourceTree = "<group>";
		};
		D4F3760B1DA6205600DDA33B /* LaunchScreen.storyboard */ = {
			isa = PBXVariantGroup;
			children = (
				D4F3760C1DA6205600DDA33B /* Base */,
			);
			name = LaunchScreen.storyboard;
			sourceTree = "<group>";
		};
/* End PBXVariantGroup section */

/* Begin XCBuildConfiguration section */
		D4F3760F1DA6205600DDA33B /* Debug */ = {
			isa = XCBuildConfiguration;
			buildSettings = {
				ALWAYS_SEARCH_USER_PATHS = NO;
				CLANG_ANALYZER_NONNULL = YES;
				CLANG_CXX_LANGUAGE_STANDARD = "gnu++0x";
				CLANG_CXX_LIBRARY = "libc++";
				CLANG_ENABLE_MODULES = YES;
				CLANG_ENABLE_OBJC_ARC = YES;
				CLANG_WARN_BOOL_CONVERSION = YES;
				CLANG_WARN_CONSTANT_CONVERSION = YES;
				CLANG_WARN_DIRECT_OBJC_ISA_USAGE = YES_ERROR;
				CLANG_WARN_EMPTY_BODY = YES;
				CLANG_WARN_ENUM_CONVERSION = YES;
				CLANG_WARN_INT_CONVERSION = YES;
				CLANG_WARN_OBJC_ROOT_CLASS = YES_ERROR;
				CLANG_WARN_UNREACHABLE_CODE = YES;
				CLANG_WARN__DUPLICATE_METHOD_MATCH = YES;
				"CODE_SIGN_IDENTITY[sdk=iphoneos*]" = "iPhone Developer";
				COPY_PHASE_STRIP = NO;
				DEBUG_INFORMATION_FORMAT = dwarf;
				ENABLE_STRICT_OBJC_MSGSEND = YES;
				ENABLE_TESTABILITY = YES;
				GCC_C_LANGUAGE_STANDARD = gnu99;
				GCC_DYNAMIC_NO_PIC = NO;
				GCC_NO_COMMON_BLOCKS = YES;
				GCC_OPTIMIZATION_LEVEL = 0;
				GCC_PREPROCESSOR_DEFINITIONS = (
					"DEBUG=1",
					"$(inherited)",
				);
				GCC_WARN_64_TO_32_BIT_CONVERSION = YES;
				GCC_WARN_ABOUT_RETURN_TYPE = YES_ERROR;
				GCC_WARN_UNDECLARED_SELECTOR = YES;
				GCC_WARN_UNINITIALIZED_AUTOS = YES_AGGRESSIVE;
				GCC_WARN_UNUSED_FUNCTION = YES;
				GCC_WARN_UNUSED_VARIABLE = YES;
				IPHONEOS_DEPLOYMENT_TARGET = 9.3;
				MTL_ENABLE_DEBUG_INFO = YES;
				ONLY_ACTIVE_ARCH = YES;
				SDKROOT = iphoneos;
			};
			name = Debug;
		};
		D4F376101DA6205600DDA33B /* Release */ = {
			isa = XCBuildConfiguration;
			buildSettings = {
				ALWAYS_SEARCH_USER_PATHS = NO;
				CLANG_ANALYZER_NONNULL = YES;
				CLANG_CXX_LANGUAGE_STANDARD = "gnu++0x";
				CLANG_CXX_LIBRARY = "libc++";
				CLANG_ENABLE_MODULES = YES;
				CLANG_ENABLE_OBJC_ARC = YES;
				CLANG_WARN_BOOL_CONVERSION = YES;
				CLANG_WARN_CONSTANT_CONVERSION = YES;
				CLANG_WARN_DIRECT_OBJC_ISA_USAGE = YES_ERROR;
				CLANG_WARN_EMPTY_BODY = YES;
				CLANG_WARN_ENUM_CONVERSION = YES;
				CLANG_WARN_INT_CONVERSION = YES;
				CLANG_WARN_OBJC_ROOT_CLASS = YES_ERROR;
				CLANG_WARN_UNREACHABLE_CODE = YES;
				CLANG_WARN__DUPLICATE_METHOD_MATCH = YES;
				"CODE_SIGN_IDENTITY[sdk=iphoneos*]" = "iPhone Developer";
				COPY_PHASE_STRIP = NO;
				DEBUG_INFORMATION_FORMAT = "dwarf-with-dsym";
				ENABLE_NS_ASSERTIONS = NO;
				ENABLE_STRICT_OBJC_MSGSEND = YES;
				GCC_C_LANGUAGE_STANDARD = gnu99;
				GCC_NO_COMMON_BLOCKS = YES;
				GCC_WARN_64_TO_32_BIT_CONVERSION = YES;
				GCC_WARN_ABOUT_RETURN_TYPE = YES_ERROR;
				GCC_WARN_UNDECLARED_SELECTOR = YES;
				GCC_WARN_UNINITIALIZED_AUTOS = YES_AGGRESSIVE;
				GCC_WARN_UNUSED_FUNCTION = YES;
				GCC_WARN_UNUSED_VARIABLE = YES;
				IPHONEOS_DEPLOYMENT_TARGET = 9.3;
				MTL_ENABLE_DEBUG_INFO = NO;
				SDKROOT = iphoneos;
				VALIDATE_PRODUCT = YES;
			};
			name = Release;
		};
		D4F376121DA6205600DDA33B /* Debug */ = {
			isa = XCBuildConfiguration;
			buildSettings = {
				ASSETCATALOG_COMPILER_APPICON_NAME = AppIcon;
				INFOPLIST_FILE = Logger/Info.plist;
				LD_RUNPATH_SEARCH_PATHS = "$(inherited) @executable_path/Frameworks";
				PRODUCT_BUNDLE_IDENTIFIER = com.dadong.Logger;
				PRODUCT_NAME = "$(TARGET_NAME)";
			};
			name = Debug;
		};
		D4F376131DA6205600DDA33B /* Release */ = {
			isa = XCBuildConfiguration;
			buildSettings = {
				ASSETCATALOG_COMPILER_APPICON_NAME = AppIcon;
				INFOPLIST_FILE = Logger/Info.plist;
				LD_RUNPATH_SEARCH_PATHS = "$(inherited) @executable_path/Frameworks";
				PRODUCT_BUNDLE_IDENTIFIER = com.dadong.Logger;
				PRODUCT_NAME = "$(TARGET_NAME)";
			};
			name = Release;
		};
/* End XCBuildConfiguration section */

/* Begin XCConfigurationList section */
		D4F375F51DA6205600DDA33B /* Build configuration list for PBXProject "Logger" */ = {
			isa = XCConfigurationList;
			buildConfigurations = (
				D4F3760F1DA6205600DDA33B /* Debug */,
				D4F376101DA6205600DDA33B /* Release */,
			);
			defaultConfigurationIsVisible = 0;
			defaultConfigurationName = Release;
		};
		D4F376111DA6205600DDA33B /* Build configuration list for PBXNativeTarget "Logger" */ = {
			isa = XCConfigurationList;
			buildConfigurations = (
				D4F376121DA6205600DDA33B /* Debug */,
				D4F376131DA6205600DDA33B /* Release */,
			);
			defaultConfigurationIsVisible = 0;
			defaultConfigurationName = Release;
		};
/* End XCConfigurationList section */
	};
	rootObject = D4F375F21DA6205600DDA33B /* Project object */;
}
